// !$*UTF8*$!
{
	archiveVersion = 1;
	classes = {
	};
	objectVersion = 46;
	objects = {

/* Begin PBXBuildFile section */
		BB09B69C14F349A80016AC2B /* Foundation.framework in Frameworks */ = {isa = PBXBuildFile; fileRef = BB09B69B14F349A80016AC2B /* Foundation.framework */; };
		BB09B69E14F349A80016AC2B /* UIKit.framework in Frameworks */ = {isa = PBXBuildFile; fileRef = BB09B69D14F349A80016AC2B /* UIKit.framework */; };
		BB09B6A014F349A80016AC2B /* CoreGraphics.framework in Frameworks */ = {isa = PBXBuildFile; fileRef = BB09B69F14F349A80016AC2B /* CoreGraphics.framework */; };
		BB09B6A214F349A80016AC2B /* AddressBook.framework in Frameworks */ = {isa = PBXBuildFile; fileRef = BB09B6A114F349A80016AC2B /* AddressBook.framework */; };
		BB09B6A414F349A80016AC2B /* AddressBookUI.framework in Frameworks */ = {isa = PBXBuildFile; fileRef = BB09B6A314F349A80016AC2B /* AddressBookUI.framework */; };
		BB09B6A614F349A80016AC2B /* AudioToolbox.framework in Frameworks */ = {isa = PBXBuildFile; fileRef = BB09B6A514F349A80016AC2B /* AudioToolbox.framework */; };
		BB09B6A814F349A80016AC2B /* AVFoundation.framework in Frameworks */ = {isa = PBXBuildFile; fileRef = BB09B6A714F349A80016AC2B /* AVFoundation.framework */; };
		BB09B6AA14F349A80016AC2B /* CoreLocation.framework in Frameworks */ = {isa = PBXBuildFile; fileRef = BB09B6A914F349A80016AC2B /* CoreLocation.framework */; };
		BB09B6AC14F349A80016AC2B /* MediaPlayer.framework in Frameworks */ = {isa = PBXBuildFile; fileRef = BB09B6AB14F349A80016AC2B /* MediaPlayer.framework */; };
		BB09B6AE14F349A80016AC2B /* QuartzCore.framework in Frameworks */ = {isa = PBXBuildFile; fileRef = BB09B6AD14F349A80016AC2B /* QuartzCore.framework */; };
		BB09B6B014F349A80016AC2B /* SystemConfiguration.framework in Frameworks */ = {isa = PBXBuildFile; fileRef = BB09B6AF14F349A80016AC2B /* SystemConfiguration.framework */; };
		BB09B6B214F349A80016AC2B /* MobileCoreServices.framework in Frameworks */ = {isa = PBXBuildFile; fileRef = BB09B6B114F349A80016AC2B /* MobileCoreServices.framework */; };
		BB09B6B414F349A80016AC2B /* CoreMedia.framework in Frameworks */ = {isa = PBXBuildFile; fileRef = BB09B6B314F349A80016AC2B /* CoreMedia.framework */; };
		BB09B6BA14F349A80016AC2B /* InfoPlist.strings in Resources */ = {isa = PBXBuildFile; fileRef = BB09B6B814F349A80016AC2B /* InfoPlist.strings */; };
		BB09B6BC14F349A80016AC2B /* main.m in Sources */ = {isa = PBXBuildFile; fileRef = BB09B6BB14F349A80016AC2B /* main.m */; };
		BB09B6BF14F349A80016AC2B /* PhoneGap.framework in Frameworks */ = {isa = PBXBuildFile; fileRef = BB09B6BE14F349A80016AC2B /* PhoneGap.framework */; };
		BB09B6C414F349A80016AC2B /* Localizable.strings in Resources */ = {isa = PBXBuildFile; fileRef = BB09B6C214F349A80016AC2B /* Localizable.strings */; };
		BB09B6C814F349A80016AC2B /* Localizable.strings in Resources */ = {isa = PBXBuildFile; fileRef = BB09B6C614F349A80016AC2B /* Localizable.strings */; };
		BB09B6CB14F349A80016AC2B /* icon.png in Resources */ = {isa = PBXBuildFile; fileRef = BB09B6CA14F349A80016AC2B /* icon.png */; };
		BB09B6CD14F349A80016AC2B /* icon@2x.png in Resources */ = {isa = PBXBuildFile; fileRef = BB09B6CC14F349A80016AC2B /* icon@2x.png */; };
		BB09B6CF14F349A80016AC2B /* icon-72.png in Resources */ = {isa = PBXBuildFile; fileRef = BB09B6CE14F349A80016AC2B /* icon-72.png */; };
		BB09B6D214F349A80016AC2B /* Default.png in Resources */ = {isa = PBXBuildFile; fileRef = BB09B6D114F349A80016AC2B /* Default.png */; };
		BB09B6D414F349A80016AC2B /* Default@2x.png in Resources */ = {isa = PBXBuildFile; fileRef = BB09B6D314F349A80016AC2B /* Default@2x.png */; };
		BB09B6D614F349A80016AC2B /* Capture.bundle in Resources */ = {isa = PBXBuildFile; fileRef = BB09B6D514F349A80016AC2B /* Capture.bundle */; };
		BB09B6D814F349A80016AC2B /* PhoneGap.plist in Resources */ = {isa = PBXBuildFile; fileRef = BB09B6D714F349A80016AC2B /* PhoneGap.plist */; };
		BB09B6DC14F349A80016AC2B /* AppDelegate.m in Sources */ = {isa = PBXBuildFile; fileRef = BB09B6DB14F349A80016AC2B /* AppDelegate.m */; };
		BB09B6DF14F349A80016AC2B /* MainViewController.m in Sources */ = {isa = PBXBuildFile; fileRef = BB09B6DE14F349A80016AC2B /* MainViewController.m */; };
		BB09B6E114F349A80016AC2B /* MainViewController.xib in Resources */ = {isa = PBXBuildFile; fileRef = BB09B6E014F349A80016AC2B /* MainViewController.xib */; };
		BB09B6EA14F34A000016AC2B /* www in Resources */ = {isa = PBXBuildFile; fileRef = BB09B6E914F34A000016AC2B /* www */; };
/* End PBXBuildFile section */

/* Begin PBXFileReference section */
		BB09B69714F349A80016AC2B /* spirit.app */ = {isa = PBXFileReference; explicitFileType = wrapper.application; includeInIndex = 0; path = spirit.app; sourceTree = BUILT_PRODUCTS_DIR; };
		BB09B69B14F349A80016AC2B /* Foundation.framework */ = {isa = PBXFileReference; lastKnownFileType = wrapper.framework; name = Foundation.framework; path = System/Library/Frameworks/Foundation.framework; sourceTree = SDKROOT; };
		BB09B69D14F349A80016AC2B /* UIKit.framework */ = {isa = PBXFileReference; lastKnownFileType = wrapper.framework; name = UIKit.framework; path = System/Library/Frameworks/UIKit.framework; sourceTree = SDKROOT; };
		BB09B69F14F349A80016AC2B /* CoreGraphics.framework */ = {isa = PBXFileReference; lastKnownFileType = wrapper.framework; name = CoreGraphics.framework; path = System/Library/Frameworks/CoreGraphics.framework; sourceTree = SDKROOT; };
		BB09B6A114F349A80016AC2B /* AddressBook.framework */ = {isa = PBXFileReference; lastKnownFileType = wrapper.framework; name = AddressBook.framework; path = System/Library/Frameworks/AddressBook.framework; sourceTree = SDKROOT; };
		BB09B6A314F349A80016AC2B /* AddressBookUI.framework */ = {isa = PBXFileReference; lastKnownFileType = wrapper.framework; name = AddressBookUI.framework; path = System/Library/Frameworks/AddressBookUI.framework; sourceTree = SDKROOT; };
		BB09B6A514F349A80016AC2B /* AudioToolbox.framework */ = {isa = PBXFileReference; lastKnownFileType = wrapper.framework; name = AudioToolbox.framework; path = System/Library/Frameworks/AudioToolbox.framework; sourceTree = SDKROOT; };
		BB09B6A714F349A80016AC2B /* AVFoundation.framework */ = {isa = PBXFileReference; lastKnownFileType = wrapper.framework; name = AVFoundation.framework; path = System/Library/Frameworks/AVFoundation.framework; sourceTree = SDKROOT; };
		BB09B6A914F349A80016AC2B /* CoreLocation.framework */ = {isa = PBXFileReference; lastKnownFileType = wrapper.framework; name = CoreLocation.framework; path = System/Library/Frameworks/CoreLocation.framework; sourceTree = SDKROOT; };
		BB09B6AB14F349A80016AC2B /* MediaPlayer.framework */ = {isa = PBXFileReference; lastKnownFileType = wrapper.framework; name = MediaPlayer.framework; path = System/Library/Frameworks/MediaPlayer.framework; sourceTree = SDKROOT; };
		BB09B6AD14F349A80016AC2B /* QuartzCore.framework */ = {isa = PBXFileReference; lastKnownFileType = wrapper.framework; name = QuartzCore.framework; path = System/Library/Frameworks/QuartzCore.framework; sourceTree = SDKROOT; };
		BB09B6AF14F349A80016AC2B /* SystemConfiguration.framework */ = {isa = PBXFileReference; lastKnownFileType = wrapper.framework; name = SystemConfiguration.framework; path = System/Library/Frameworks/SystemConfiguration.framework; sourceTree = SDKROOT; };
		BB09B6B114F349A80016AC2B /* MobileCoreServices.framework */ = {isa = PBXFileReference; lastKnownFileType = wrapper.framework; name = MobileCoreServices.framework; path = System/Library/Frameworks/MobileCoreServices.framework; sourceTree = SDKROOT; };
		BB09B6B314F349A80016AC2B /* CoreMedia.framework */ = {isa = PBXFileReference; lastKnownFileType = wrapper.framework; name = CoreMedia.framework; path = System/Library/Frameworks/CoreMedia.framework; sourceTree = SDKROOT; };
		BB09B6B714F349A80016AC2B /* spirit-Info.plist */ = {isa = PBXFileReference; lastKnownFileType = text.plist.xml; path = "spirit-Info.plist"; sourceTree = "<group>"; };
		BB09B6B914F349A80016AC2B /* en */ = {isa = PBXFileReference; lastKnownFileType = text.plist.strings; name = en; path = en.lproj/InfoPlist.strings; sourceTree = "<group>"; };
		BB09B6BB14F349A80016AC2B /* main.m */ = {isa = PBXFileReference; lastKnownFileType = sourcecode.c.objc; path = main.m; sourceTree = "<group>"; };
		BB09B6BD14F349A80016AC2B /* spirit-Prefix.pch */ = {isa = PBXFileReference; lastKnownFileType = sourcecode.c.h; path = "spirit-Prefix.pch"; sourceTree = "<group>"; };
		BB09B6BE14F349A80016AC2B /* PhoneGap.framework */ = {isa = PBXFileReference; lastKnownFileType = wrapper.framework; name = PhoneGap.framework; path = /Users/Shared/PhoneGap/Frameworks/PhoneGap.framework; sourceTree = "<absolute>"; };
		BB09B6C314F349A80016AC2B /* en */ = {isa = PBXFileReference; lastKnownFileType = text.plist.strings; name = en; path = Resources/en.lproj/Localizable.strings; sourceTree = "<group>"; };
		BB09B6C714F349A80016AC2B /* es */ = {isa = PBXFileReference; lastKnownFileType = text.plist.strings; name = es; path = Resources/es.lproj/Localizable.strings; sourceTree = "<group>"; };
		BB09B6CA14F349A80016AC2B /* icon.png */ = {isa = PBXFileReference; lastKnownFileType = image.png; name = icon.png; path = Resources/icons/icon.png; sourceTree = "<group>"; };
		BB09B6CC14F349A80016AC2B /* icon@2x.png */ = {isa = PBXFileReference; lastKnownFileType = image.png; name = "icon@2x.png"; path = "Resources/icons/icon@2x.png"; sourceTree = "<group>"; };
		BB09B6CE14F349A80016AC2B /* icon-72.png */ = {isa = PBXFileReference; lastKnownFileType = image.png; name = "icon-72.png"; path = "Resources/icons/icon-72.png"; sourceTree = "<group>"; };
		BB09B6D114F349A80016AC2B /* Default.png */ = {isa = PBXFileReference; lastKnownFileType = image.png; name = Default.png; path = Resources/splash/Default.png; sourceTree = "<group>"; };
		BB09B6D314F349A80016AC2B /* Default@2x.png */ = {isa = PBXFileReference; lastKnownFileType = image.png; name = "Default@2x.png"; path = "Resources/splash/Default@2x.png"; sourceTree = "<group>"; };
		BB09B6D514F349A80016AC2B /* Capture.bundle */ = {isa = PBXFileReference; lastKnownFileType = "wrapper.plug-in"; name = Capture.bundle; path = Resources/Capture.bundle; sourceTree = "<group>"; };
		BB09B6D714F349A80016AC2B /* PhoneGap.plist */ = {isa = PBXFileReference; lastKnownFileType = text.plist.xml; path = PhoneGap.plist; sourceTree = "<group>"; };
		BB09B6DA14F349A80016AC2B /* AppDelegate.h */ = {isa = PBXFileReference; lastKnownFileType = sourcecode.c.h; name = AppDelegate.h; path = Classes/AppDelegate.h; sourceTree = "<group>"; };
		BB09B6DB14F349A80016AC2B /* AppDelegate.m */ = {isa = PBXFileReference; lastKnownFileType = sourcecode.c.objc; name = AppDelegate.m; path = Classes/AppDelegate.m; sourceTree = "<group>"; };
		BB09B6DD14F349A80016AC2B /* MainViewController.h */ = {isa = PBXFileReference; lastKnownFileType = sourcecode.c.h; name = MainViewController.h; path = Classes/MainViewController.h; sourceTree = "<group>"; };
		BB09B6DE14F349A80016AC2B /* MainViewController.m */ = {isa = PBXFileReference; lastKnownFileType = sourcecode.c.objc; name = MainViewController.m; path = Classes/MainViewController.m; sourceTree = "<group>"; };
		BB09B6E014F349A80016AC2B /* MainViewController.xib */ = {isa = PBXFileReference; lastKnownFileType = file.xib; name = MainViewController.xib; path = Classes/MainViewController.xib; sourceTree = "<group>"; };
		BB09B6E314F349A80016AC2B /* README */ = {isa = PBXFileReference; lastKnownFileType = text; name = README; path = Plugins/README; sourceTree = "<group>"; };
		BB09B6E914F34A000016AC2B /* www */ = {isa = PBXFileReference; lastKnownFileType = folder; path = www; sourceTree = "<group>"; };
/* End PBXFileReference section */

/* Begin PBXFrameworksBuildPhase section */
		BB09B69114F349A80016AC2B /* Frameworks */ = {
			isa = PBXFrameworksBuildPhase;
			buildActionMask = 2147483647;
			files = (
				BB09B69C14F349A80016AC2B /* Foundation.framework in Frameworks */,
				BB09B69E14F349A80016AC2B /* UIKit.framework in Frameworks */,
				BB09B6A014F349A80016AC2B /* CoreGraphics.framework in Frameworks */,
				BB09B6A214F349A80016AC2B /* AddressBook.framework in Frameworks */,
				BB09B6A414F349A80016AC2B /* AddressBookUI.framework in Frameworks */,
				BB09B6A614F349A80016AC2B /* AudioToolbox.framework in Frameworks */,
				BB09B6A814F349A80016AC2B /* AVFoundation.framework in Frameworks */,
				BB09B6AA14F349A80016AC2B /* CoreLocation.framework in Frameworks */,
				BB09B6AC14F349A80016AC2B /* MediaPlayer.framework in Frameworks */,
				BB09B6AE14F349A80016AC2B /* QuartzCore.framework in Frameworks */,
				BB09B6B014F349A80016AC2B /* SystemConfiguration.framework in Frameworks */,
				BB09B6B214F349A80016AC2B /* MobileCoreServices.framework in Frameworks */,
				BB09B6B414F349A80016AC2B /* CoreMedia.framework in Frameworks */,
				BB09B6BF14F349A80016AC2B /* PhoneGap.framework in Frameworks */,
			);
			runOnlyForDeploymentPostprocessing = 0;
		};
		BB09B69414F349A80016AC2B /* Frameworks */ = {
			isa = PBXFrameworksBuildPhase;
			buildActionMask = 2147483647;
			files = (
			);
			runOnlyForDeploymentPostprocessing = 0;
		};
/* End PBXFrameworksBuildPhase section */

/* Begin PBXGroup section */
		BB09B68914F349A80016AC2B = {
			isa = PBXGroup;
			children = (
				BB09B6E914F34A000016AC2B /* www */,
				BB09B6B514F349A80016AC2B /* spirit */,
				BB09B69A14F349A80016AC2B /* Frameworks */,
				BB09B69814F349A80016AC2B /* Products */,
			);
			sourceTree = "<group>";
		};
		BB09B69814F349A80016AC2B /* Products */ = {
			isa = PBXGroup;
			children = (
				BB09B69714F349A80016AC2B /* spirit.app */,
			);
			name = Products;
			sourceTree = "<group>";
		};
		BB09B69A14F349A80016AC2B /* Frameworks */ = {
			isa = PBXGroup;
			children = (
				BB09B69B14F349A80016AC2B /* Foundation.framework */,
				BB09B69D14F349A80016AC2B /* UIKit.framework */,
				BB09B69F14F349A80016AC2B /* CoreGraphics.framework */,
				BB09B6A114F349A80016AC2B /* AddressBook.framework */,
				BB09B6A314F349A80016AC2B /* AddressBookUI.framework */,
				BB09B6A514F349A80016AC2B /* AudioToolbox.framework */,
				BB09B6A714F349A80016AC2B /* AVFoundation.framework */,
				BB09B6A914F349A80016AC2B /* CoreLocation.framework */,
				BB09B6AB14F349A80016AC2B /* MediaPlayer.framework */,
				BB09B6AD14F349A80016AC2B /* QuartzCore.framework */,
				BB09B6AF14F349A80016AC2B /* SystemConfiguration.framework */,
				BB09B6B114F349A80016AC2B /* MobileCoreServices.framework */,
				BB09B6B314F349A80016AC2B /* CoreMedia.framework */,
			);
			name = Frameworks;
			sourceTree = "<group>";
		};
		BB09B6B514F349A80016AC2B /* spirit */ = {
			isa = PBXGroup;
			children = (
				BB09B6BE14F349A80016AC2B /* PhoneGap.framework */,
				BB09B6C014F349A80016AC2B /* Resources */,
				BB09B6D914F349A80016AC2B /* Classes */,
				BB09B6E214F349A80016AC2B /* Plugins */,
				BB09B6B614F349A80016AC2B /* Supporting Files */,
			);
			path = spirit;
			sourceTree = "<group>";
		};
		BB09B6B614F349A80016AC2B /* Supporting Files */ = {
			isa = PBXGroup;
			children = (
				BB09B6B714F349A80016AC2B /* spirit-Info.plist */,
				BB09B6B814F349A80016AC2B /* InfoPlist.strings */,
				BB09B6BB14F349A80016AC2B /* main.m */,
				BB09B6BD14F349A80016AC2B /* spirit-Prefix.pch */,
				BB09B6D714F349A80016AC2B /* PhoneGap.plist */,
				BB09B6E014F349A80016AC2B /* MainViewController.xib */,
			);
			name = "Supporting Files";
			sourceTree = "<group>";
		};
		BB09B6C014F349A80016AC2B /* Resources */ = {
			isa = PBXGroup;
			children = (
				BB09B6D514F349A80016AC2B /* Capture.bundle */,
				BB09B6C114F349A80016AC2B /* en.lproj */,
				BB09B6C514F349A80016AC2B /* es.lproj */,
				BB09B6C914F349A80016AC2B /* icons */,
				BB09B6D014F349A80016AC2B /* splash */,
			);
			name = Resources;
			sourceTree = "<group>";
		};
		BB09B6C114F349A80016AC2B /* en.lproj */ = {
			isa = PBXGroup;
			children = (
				BB09B6C214F349A80016AC2B /* Localizable.strings */,
			);
			name = en.lproj;
			sourceTree = "<group>";
		};
		BB09B6C514F349A80016AC2B /* es.lproj */ = {
			isa = PBXGroup;
			children = (
				BB09B6C614F349A80016AC2B /* Localizable.strings */,
			);
			name = es.lproj;
			sourceTree = "<group>";
		};
		BB09B6C914F349A80016AC2B /* icons */ = {
			isa = PBXGroup;
			children = (
				BB09B6CA14F349A80016AC2B /* icon.png */,
				BB09B6CC14F349A80016AC2B /* icon@2x.png */,
				BB09B6CE14F349A80016AC2B /* icon-72.png */,
			);
			name = icons;
			sourceTree = "<group>";
		};
		BB09B6D014F349A80016AC2B /* splash */ = {
			isa = PBXGroup;
			children = (
				BB09B6D114F349A80016AC2B /* Default.png */,
				BB09B6D314F349A80016AC2B /* Default@2x.png */,
			);
			name = splash;
			sourceTree = "<group>";
		};
		BB09B6D914F349A80016AC2B /* Classes */ = {
			isa = PBXGroup;
			children = (
				BB09B6DA14F349A80016AC2B /* AppDelegate.h */,
				BB09B6DB14F349A80016AC2B /* AppDelegate.m */,
				BB09B6DD14F349A80016AC2B /* MainViewController.h */,
				BB09B6DE14F349A80016AC2B /* MainViewController.m */,
			);
			name = Classes;
			sourceTree = "<group>";
		};
		BB09B6E214F349A80016AC2B /* Plugins */ = {
			isa = PBXGroup;
			children = (
				BB09B6E314F349A80016AC2B /* README */,
			);
			name = Plugins;
			sourceTree = "<group>";
		};
/* End PBXGroup section */

/* Begin PBXNativeTarget section */
		BB09B69614F349A80016AC2B /* spirit */ = {
			isa = PBXNativeTarget;
			buildConfigurationList = BB09B6E614F349A80016AC2B /* Build configuration list for PBXNativeTarget "spirit" */;
			buildPhases = (
				BB09B69014F349A80016AC2B /* Sources */,
				BB09B69114F349A80016AC2B /* Frameworks */,
				BB09B69214F349A80016AC2B /* Resources */,
				BB09B69314F349A80016AC2B /* Sources */,
				BB09B69414F349A80016AC2B /* Frameworks */,
				BB09B69514F349A80016AC2B /* ShellScript */,
			);
			buildRules = (
			);
			dependencies = (
			);
			name = spirit;
			productName = spirit;
			productReference = BB09B69714F349A80016AC2B /* spirit.app */;
			productType = "com.apple.product-type.application";
		};
/* End PBXNativeTarget section */

/* Begin PBXProject section */
		BB09B68B14F349A80016AC2B /* Project object */ = {
			isa = PBXProject;
			attributes = {
				LastUpgradeCheck = 0420;
				ORGANIZATIONNAME = NYU;
			};
			buildConfigurationList = BB09B68E14F349A80016AC2B /* Build configuration list for PBXProject "spirit" */;
			compatibilityVersion = "Xcode 3.2";
			developmentRegion = English;
			hasScannedForEncodings = 0;
			knownRegions = (
				en,
				es,
			);
			mainGroup = BB09B68914F349A80016AC2B;
			productRefGroup = BB09B69814F349A80016AC2B /* Products */;
			projectDirPath = "";
			projectRoot = "";
			targets = (
				BB09B69614F349A80016AC2B /* spirit */,
			);
		};
/* End PBXProject section */

/* Begin PBXResourcesBuildPhase section */
		BB09B69214F349A80016AC2B /* Resources */ = {
			isa = PBXResourcesBuildPhase;
			buildActionMask = 2147483647;
			files = (
				BB09B6BA14F349A80016AC2B /* InfoPlist.strings in Resources */,
				BB09B6C414F349A80016AC2B /* Localizable.strings in Resources */,
				BB09B6C814F349A80016AC2B /* Localizable.strings in Resources */,
				BB09B6CB14F349A80016AC2B /* icon.png in Resources */,
				BB09B6CD14F349A80016AC2B /* icon@2x.png in Resources */,
				BB09B6CF14F349A80016AC2B /* icon-72.png in Resources */,
				BB09B6D214F349A80016AC2B /* Default.png in Resources */,
				BB09B6D414F349A80016AC2B /* Default@2x.png in Resources */,
				BB09B6D614F349A80016AC2B /* Capture.bundle in Resources */,
				BB09B6D814F349A80016AC2B /* PhoneGap.plist in Resources */,
				BB09B6E114F349A80016AC2B /* MainViewController.xib in Resources */,
				BB09B6EA14F34A000016AC2B /* www in Resources */,
			);
			runOnlyForDeploymentPostprocessing = 0;
		};
/* End PBXResourcesBuildPhase section */

/* Begin PBXShellScriptBuildPhase section */
		BB09B69514F349A80016AC2B /* ShellScript */ = {
			isa = PBXShellScriptBuildPhase;
			buildActionMask = 2147483647;
			files = (
			);
			inputPaths = (
			);
			outputPaths = (
			);
			runOnlyForDeploymentPostprocessing = 0;
			shellPath = /bin/bash;
			shellScript = "\n\t\t\t\t\t\t\t\tif [ ! -d \"$PROJECT_DIR/www\" ] ; then\n\t\t\t\t\t\t\t\t\tcp -R /Users/Shared/PhoneGap/Frameworks/PhoneGap.framework/www \"$PROJECT_DIR\"\n\t\t\t\t\t\t\t\tfi\n\t\t\t\t\t\t\t\t# detect www folder reference in project, if missing, print warning\n\t\t\t\t\t\t\t\tgrep \"{isa = PBXFileReference; lastKnownFileType = folder; path = www; sourceTree = \\\"<group>\\\"; };\" \"$PROJECT_DIR/$PROJECT_NAME.xcodeproj/project.pbxproj\"\n\t\t\t\t\t\t\t\trc=$? \n\t\t\t\t\t\t\t\tif [ $rc != 0 ] ; then\n\t\t\t\t\t\t\t\techo -e \"warning: Missing - Add $PROJECT_DIR/www as a folder reference in your project. Just drag and drop the folder into your project, into the Project Navigator of Xcode 4. Make sure you select the second radio-button: 'Create folder references for any added folders' (which will create a blue folder)\" 1>&2\n\t\t\t\t\t\t\t\tfi\t\t\t\t\t\t\t";
		};
/* End PBXShellScriptBuildPhase section */

/* Begin PBXSourcesBuildPhase section */
		BB09B69014F349A80016AC2B /* Sources */ = {
			isa = PBXSourcesBuildPhase;
			buildActionMask = 2147483647;
			files = (
				BB09B6BC14F349A80016AC2B /* main.m in Sources */,
				BB09B6DC14F349A80016AC2B /* AppDelegate.m in Sources */,
				BB09B6DF14F349A80016AC2B /* MainViewController.m in Sources */,
			);
			runOnlyForDeploymentPostprocessing = 0;
		};
		BB09B69314F349A80016AC2B /* Sources */ = {
			isa = PBXSourcesBuildPhase;
			buildActionMask = 2147483647;
			files = (
			);
			runOnlyForDeploymentPostprocessing = 0;
		};
/* End PBXSourcesBuildPhase section */

/* Begin PBXVariantGroup section */
		BB09B6B814F349A80016AC2B /* InfoPlist.strings */ = {
			isa = PBXVariantGroup;
			children = (
				BB09B6B914F349A80016AC2B /* en */,
			);
			name = InfoPlist.strings;
			sourceTree = "<group>";
		};
		BB09B6C214F349A80016AC2B /* Localizable.strings */ = {
			isa = PBXVariantGroup;
			children = (
				BB09B6C314F349A80016AC2B /* en */,
			);
			name = Localizable.strings;
			sourceTree = "<group>";
		};
		BB09B6C614F349A80016AC2B /* Localizable.strings */ = {
			isa = PBXVariantGroup;
			children = (
				BB09B6C714F349A80016AC2B /* es */,
			);
			name = Localizable.strings;
			sourceTree = "<group>";
		};
/* End PBXVariantGroup section */

/* Begin XCBuildConfiguration section */
		BB09B6E414F349A80016AC2B /* Debug */ = {
			isa = XCBuildConfiguration;
			buildSettings = {
				ALWAYS_SEARCH_USER_PATHS = NO;
				ARCHS = "$(ARCHS_STANDARD_32_BIT)";
				CLANG_ENABLE_OBJC_ARC = YES;
				"CODE_SIGN_IDENTITY[sdk=iphoneos*]" = "iPhone Developer";
				COPY_PHASE_STRIP = NO;
				GCC_C_LANGUAGE_STANDARD = gnu99;
				GCC_DYNAMIC_NO_PIC = NO;
				GCC_OPTIMIZATION_LEVEL = 0;
				GCC_PREPROCESSOR_DEFINITIONS = (
					"DEBUG=1",
					"$(inherited)",
				);
				GCC_SYMBOLS_PRIVATE_EXTERN = NO;
				GCC_VERSION = com.apple.compilers.llvmgcc42;
				GCC_WARN_ABOUT_MISSING_PROTOTYPES = YES;
				GCC_WARN_ABOUT_RETURN_TYPE = YES;
				GCC_WARN_UNUSED_VARIABLE = YES;
				IPHONEOS_DEPLOYMENT_TARGET = 3.0;
				SDKROOT = iphoneos;
			};
			name = Debug;
		};
		BB09B6E514F349A80016AC2B /* Release */ = {
			isa = XCBuildConfiguration;
			buildSettings = {
				ALWAYS_SEARCH_USER_PATHS = NO;
				ARCHS = "$(ARCHS_STANDARD_32_BIT)";
				CLANG_ENABLE_OBJC_ARC = YES;
				"CODE_SIGN_IDENTITY[sdk=iphoneos*]" = "iPhone Developer";
				COPY_PHASE_STRIP = YES;
				GCC_C_LANGUAGE_STANDARD = gnu99;
				GCC_VERSION = com.apple.compilers.llvmgcc42;
				GCC_WARN_ABOUT_MISSING_PROTOTYPES = YES;
				GCC_WARN_ABOUT_RETURN_TYPE = YES;
				GCC_WARN_UNUSED_VARIABLE = YES;
				IPHONEOS_DEPLOYMENT_TARGET = 3.0;
				SDKROOT = iphoneos;
				VALIDATE_PRODUCT = YES;
			};
			name = Release;
		};
		BB09B6E714F349A80016AC2B /* Debug */ = {
			isa = XCBuildConfiguration;
			buildSettings = {
				ALWAYS_SEARCH_USER_PATHS = YES;
				COPY_PHASE_STRIP = NO;
				FRAMEWORK_SEARCH_PATHS = /Users/Shared/PhoneGap/Frameworks;
				GCC_DYNAMIC_NO_PIC = NO;
				GCC_PRECOMPILE_PREFIX_HEADER = YES;
				GCC_PREFIX_HEADER = "spirit/spirit-Prefix.pch";
				GCC_PREPROCESSOR_DEFINITIONS = "PHONEGAP_FRAMEWORK=YES";
				INFOPLIST_FILE = "spirit/spirit-Info.plist";
				OTHER_LDFLAGS = (
					"-weak_framework",
					UIKit,
					"-weak_framework",
					AVFoundation,
					"-weak_framework",
					CoreMedia,
					"-weak_library",
					/usr/lib/libSystem.B.dylib,
				);
				PRODUCT_NAME = "$(TARGET_NAME)";
				TARGETED_DEVICE_FAMILY = "1,2";
				WRAPPER_EXTENSION = app;
			};
			name = Debug;
		};
		BB09B6E814F349A80016AC2B /* Release */ = {
			isa = XCBuildConfiguration;
			buildSettings = {
				ALWAYS_SEARCH_USER_PATHS = YES;
				COPY_PHASE_STRIP = YES;
				DEBUG_INFORMATION_FORMAT = "dwarf-with-dsym";
				FRAMEWORK_SEARCH_PATHS = /Users/Shared/PhoneGap/Frameworks;
				GCC_PRECOMPILE_PREFIX_HEADER = YES;
				GCC_PREFIX_HEADER = "spirit/spirit-Prefix.pch";
				GCC_PREPROCESSOR_DEFINITIONS = "PHONEGAP_FRAMEWORK=YES";
				INFOPLIST_FILE = "spirit/spirit-Info.plist";
				OTHER_LDFLAGS = (
					"-weak_framework",
					UIKit,
					"-weak_framework",
					AVFoundation,
					"-weak_framework",
					CoreMedia,
					"-weak_library",
					/usr/lib/libSystem.B.dylib,
				);
				PRODUCT_NAME = "$(TARGET_NAME)";
				TARGETED_DEVICE_FAMILY = "1,2";
				VALIDATE_PRODUCT = YES;
				WRAPPER_EXTENSION = app;
			};
			name = Release;
		};
/* End XCBuildConfiguration section */

/* Begin XCConfigurationList section */
		BB09B68E14F349A80016AC2B /* Build configuration list for PBXProject "spirit" */ = {
			isa = XCConfigurationList;
			buildConfigurations = (
				BB09B6E414F349A80016AC2B /* Debug */,
				BB09B6E514F349A80016AC2B /* Release */,
			);
			defaultConfigurationIsVisible = 0;
			defaultConfigurationName = Release;
		};
		BB09B6E614F349A80016AC2B /* Build configuration list for PBXNativeTarget "spirit" */ = {
			isa = XCConfigurationList;
			buildConfigurations = (
				BB09B6E714F349A80016AC2B /* Debug */,
				BB09B6E814F349A80016AC2B /* Release */,
			);
			defaultConfigurationIsVisible = 0;
			defaultConfigurationName = Release;
		};
/* End XCConfigurationList section */
	};
	rootObject = BB09B68B14F349A80016AC2B /* Project object */;
}
